
Microsoft Visual Studio Solution File, Format Version 12.00
# Visual Studio 2013
VisualStudioVersion = 12.0.31101.0
MinimumVisualStudioVersion = 10.0.40219.1
Project("{FAE04EC0-301F-11D3-BF4B-00C04F79EFBC}") = "NetworkLogWatcher", "NetworkLogWatcher\NetworkLogWatcher.csproj", "{7B32626C-EC83-4BA1-B834-2F6FAF947671}"
EndProject
Project("{262852C6-CD72-467D-83FE-5EEB1973A190}") = "NetworkThreadMonitor", "NetworkThreadMonitor\NetworkThreadMonitor.jsproj", "{71053957-8C3D-405A-86C7-711D228A44C9}"
EndProject
Project("{FAE04EC0-301F-11D3-BF4B-00C04F79EFBC}") = "RouterLogMonitor", "RouterLogMonitor\RouterLogMonitor.csproj", "{77220414-7BEE-4C55-B4D4-E853C422B506}"
EndProject
Project("{FAE04EC0-301F-11D3-BF4B-00C04F79EFBC}") = "NetworkLogFileManager", "NetworkLogFileManager\NetworkLogFileManager.csproj", "{4AC968A1-FCF0-459B-B644-5AF15E8AD366}"
EndProject
Global
	GlobalSection(SolutionConfigurationPlatforms) = preSolution
		Debug|Android = Debug|Android
		Debug|Any CPU = Debug|Any CPU
		Debug|iOS = Debug|iOS
		Debug|Mixed Platforms = Debug|Mixed Platforms
		Debug|Windows Phone (Universal) = Debug|Windows Phone (Universal)
		Debug|Windows Phone 8 = Debug|Windows Phone 8
		Debug|Windows-AnyCPU = Debug|Windows-AnyCPU
		Debug|Windows-ARM = Debug|Windows-ARM
		Debug|Windows-x64 = Debug|Windows-x64
		Debug|Windows-x86 = Debug|Windows-x86
		Distribution|Android = Distribution|Android
		Distribution|Any CPU = Distribution|Any CPU
		Distribution|iOS = Distribution|iOS
		Distribution|Mixed Platforms = Distribution|Mixed Platforms
		Distribution|Windows Phone (Universal) = Distribution|Windows Phone (Universal)
		Distribution|Windows Phone 8 = Distribution|Windows Phone 8
		Distribution|Windows-AnyCPU = Distribution|Windows-AnyCPU
		Distribution|Windows-ARM = Distribution|Windows-ARM
		Distribution|Windows-x64 = Distribution|Windows-x64
		Distribution|Windows-x86 = Distribution|Windows-x86
		Release|Android = Release|Android
		Release|Any CPU = Release|Any CPU
		Release|iOS = Release|iOS
		Release|Mixed Platforms = Release|Mixed Platforms
		Release|Windows Phone (Universal) = Release|Windows Phone (Universal)
		Release|Windows Phone 8 = Release|Windows Phone 8
		Release|Windows-AnyCPU = Release|Windows-AnyCPU
		Release|Windows-ARM = Release|Windows-ARM
		Release|Windows-x64 = Release|Windows-x64
		Release|Windows-x86 = Release|Windows-x86
	EndGlobalSection
	GlobalSection(ProjectConfigurationPlatforms) = postSolution
		{7B32626C-EC83-4BA1-B834-2F6FAF947671}.Debug|Android.ActiveCfg = Debug|Any CPU
		{7B32626C-EC83-4BA1-B834-2F6FAF947671}.Debug|Any CPU.ActiveCfg = Debug|Any CPU
		{7B32626C-EC83-4BA1-B834-2F6FAF947671}.Debug|Any CPU.Build.0 = Debug|Any CPU
		{7B32626C-EC83-4BA1-B834-2F6FAF947671}.Debug|iOS.ActiveCfg = Debug|Any CPU
		{7B32626C-EC83-4BA1-B834-2F6FAF947671}.Debug|Mixed Platforms.ActiveCfg = Debug|Any CPU
		{7B32626C-EC83-4BA1-B834-2F6FAF947671}.Debug|Mixed Platforms.Build.0 = Debug|Any CPU
		{7B32626C-EC83-4BA1-B834-2F6FAF947671}.Debug|Windows Phone (Universal).ActiveCfg = Debug|Any CPU
		{7B32626C-EC83-4BA1-B834-2F6FAF947671}.Debug|Windows Phone 8.ActiveCfg = Debug|Any CPU
		{7B32626C-EC83-4BA1-B834-2F6FAF947671}.Debug|Windows-AnyCPU.ActiveCfg = Debug|Any CPU
		{7B32626C-EC83-4BA1-B834-2F6FAF947671}.Debug|Windows-ARM.ActiveCfg = Debug|Any CPU
		{7B32626C-EC83-4BA1-B834-2F6FAF947671}.Debug|Windows-x64.ActiveCfg = Debug|Any CPU
		{7B32626C-EC83-4BA1-B834-2F6FAF947671}.Debug|Windows-x86.ActiveCfg = Debug|Any CPU
		{7B32626C-EC83-4BA1-B834-2F6FAF947671}.Distribution|Android.ActiveCfg = Debug|Any CPU
		{7B32626C-EC83-4BA1-B834-2F6FAF947671}.Distribution|Any CPU.ActiveCfg = Debug|Any CPU
		{7B32626C-EC83-4BA1-B834-2F6FAF947671}.Distribution|Any CPU.Build.0 = Debug|Any CPU
		{7B32626C-EC83-4BA1-B834-2F6FAF947671}.Distribution|iOS.ActiveCfg = Debug|Any CPU
		{7B32626C-EC83-4BA1-B834-2F6FAF947671}.Distribution|Mixed Platforms.ActiveCfg = Debug|Any CPU
		{7B32626C-EC83-4BA1-B834-2F6FAF947671}.Distribution|Mixed Platforms.Build.0 = Debug|Any CPU
		{7B32626C-EC83-4BA1-B834-2F6FAF947671}.Distribution|Windows Phone (Universal).ActiveCfg = Debug|Any CPU
		{7B32626C-EC83-4BA1-B834-2F6FAF947671}.Distribution|Windows Phone 8.ActiveCfg = Debug|Any CPU
		{7B32626C-EC83-4BA1-B834-2F6FAF947671}.Distribution|Windows-AnyCPU.ActiveCfg = Debug|Any CPU
		{7B32626C-EC83-4BA1-B834-2F6FAF947671}.Distribution|Windows-ARM.ActiveCfg = Debug|Any CPU
		{7B32626C-EC83-4BA1-B834-2F6FAF947671}.Distribution|Windows-x64.ActiveCfg = Debug|Any CPU
		{7B32626C-EC83-4BA1-B834-2F6FAF947671}.Distribution|Windows-x86.ActiveCfg = Debug|Any CPU
		{7B32626C-EC83-4BA1-B834-2F6FAF947671}.Release|Android.ActiveCfg = Release|Any CPU
		{7B32626C-EC83-4BA1-B834-2F6FAF947671}.Release|Any CPU.ActiveCfg = Release|Any CPU
		{7B32626C-EC83-4BA1-B834-2F6FAF947671}.Release|Any CPU.Build.0 = Release|Any CPU
		{7B32626C-EC83-4BA1-B834-2F6FAF947671}.Release|iOS.ActiveCfg = Release|Any CPU
		{7B32626C-EC83-4BA1-B834-2F6FAF947671}.Release|Mixed Platforms.ActiveCfg = Release|Any CPU
		{7B32626C-EC83-4BA1-B834-2F6FAF947671}.Release|Mixed Platforms.Build.0 = Release|Any CPU
		{7B32626C-EC83-4BA1-B834-2F6FAF947671}.Release|Windows Phone (Universal).ActiveCfg = Release|Any CPU
		{7B32626C-EC83-4BA1-B834-2F6FAF947671}.Release|Windows Phone 8.ActiveCfg = Release|Any CPU
		{7B32626C-EC83-4BA1-B834-2F6FAF947671}.Release|Windows-AnyCPU.ActiveCfg = Release|Any CPU
		{7B32626C-EC83-4BA1-B834-2F6FAF947671}.Release|Windows-ARM.ActiveCfg = Release|Any CPU
		{7B32626C-EC83-4BA1-B834-2F6FAF947671}.Release|Windows-x64.ActiveCfg = Release|Any CPU
		{7B32626C-EC83-4BA1-B834-2F6FAF947671}.Release|Windows-x86.ActiveCfg = Release|Any CPU
		{71053957-8C3D-405A-86C7-711D228A44C9}.Debug|Android.ActiveCfg = Debug|Android
		{71053957-8C3D-405A-86C7-711D228A44C9}.Debug|Android.Build.0 = Debug|Android
		{71053957-8C3D-405A-86C7-711D228A44C9}.Debug|Android.Deploy.0 = Debug|Android
		{71053957-8C3D-405A-86C7-711D228A44C9}.Debug|Any CPU.ActiveCfg = Debug|Android
		{71053957-8C3D-405A-86C7-711D228A44C9}.Debug|iOS.ActiveCfg = Debug|iOS
		{71053957-8C3D-405A-86C7-711D228A44C9}.Debug|iOS.Build.0 = Debug|iOS
		{71053957-8C3D-405A-86C7-711D228A44C9}.Debug|iOS.Deploy.0 = Debug|iOS
		{71053957-8C3D-405A-86C7-711D228A44C9}.Debug|Mixed Platforms.ActiveCfg = Debug|Android
		{71053957-8C3D-405A-86C7-711D228A44C9}.Debug|Mixed Platforms.Build.0 = Debug|Android
		{71053957-8C3D-405A-86C7-711D228A44C9}.Debug|Mixed Platforms.Deploy.0 = Debug|Android
		{71053957-8C3D-405A-86C7-711D228A44C9}.Debug|Windows Phone (Universal).ActiveCfg = Debug|Windows Phone (Universal)
		{71053957-8C3D-405A-86C7-711D228A44C9}.Debug|Windows Phone (Universal).Build.0 = Debug|Windows Phone (Universal)
		{71053957-8C3D-405A-86C7-711D228A44C9}.Debug|Windows Phone (Universal).Deploy.0 = Debug|Windows Phone (Universal)
		{71053957-8C3D-405A-86C7-711D228A44C9}.Debug|Windows Phone 8.ActiveCfg = Debug|Windows Phone 8
		{71053957-8C3D-405A-86C7-711D228A44C9}.Debug|Windows Phone 8.Build.0 = Debug|Windows Phone 8
		{71053957-8C3D-405A-86C7-711D228A44C9}.Debug|Windows Phone 8.Deploy.0 = Debug|Windows Phone 8
		{71053957-8C3D-405A-86C7-711D228A44C9}.Debug|Windows-AnyCPU.ActiveCfg = Debug|Windows-AnyCPU
		{71053957-8C3D-405A-86C7-711D228A44C9}.Debug|Windows-AnyCPU.Build.0 = Debug|Windows-AnyCPU
		{71053957-8C3D-405A-86C7-711D228A44C9}.Debug|Windows-AnyCPU.Deploy.0 = Debug|Windows-AnyCPU
		{71053957-8C3D-405A-86C7-711D228A44C9}.Debug|Windows-ARM.ActiveCfg = Debug|Windows-ARM
		{71053957-8C3D-405A-86C7-711D228A44C9}.Debug|Windows-ARM.Build.0 = Debug|Windows-ARM
		{71053957-8C3D-405A-86C7-711D228A44C9}.Debug|Windows-ARM.Deploy.0 = Debug|Windows-ARM
		{71053957-8C3D-405A-86C7-711D228A44C9}.Debug|Windows-x64.ActiveCfg = Debug|Windows-x64
		{71053957-8C3D-405A-86C7-711D228A44C9}.Debug|Windows-x64.Build.0 = Debug|Windows-x64
		{71053957-8C3D-405A-86C7-711D228A44C9}.Debug|Windows-x64.Deploy.0 = Debug|Windows-x64
		{71053957-8C3D-405A-86C7-711D228A44C9}.Debug|Windows-x86.ActiveCfg = Debug|Windows-x86
		{71053957-8C3D-405A-86C7-711D228A44C9}.Debug|Windows-x86.Build.0 = Debug|Windows-x86
		{71053957-8C3D-405A-86C7-711D228A44C9}.Debug|Windows-x86.Deploy.0 = Debug|Windows-x86
		{71053957-8C3D-405A-86C7-711D228A44C9}.Distribution|Android.ActiveCfg = Distribution|Android
		{71053957-8C3D-405A-86C7-711D228A44C9}.Distribution|Android.Build.0 = Distribution|Android
		{71053957-8C3D-405A-86C7-711D228A44C9}.Distribution|Android.Deploy.0 = Distribution|Android
		{71053957-8C3D-405A-86C7-711D228A44C9}.Distribution|Any CPU.ActiveCfg = Distribution|Android
		{71053957-8C3D-405A-86C7-711D228A44C9}.Distribution|iOS.ActiveCfg = Distribution|iOS
		{71053957-8C3D-405A-86C7-711D228A44C9}.Distribution|iOS.Build.0 = Distribution|iOS
		{71053957-8C3D-405A-86C7-711D228A44C9}.Distribution|iOS.Deploy.0 = Distribution|iOS
		{71053957-8C3D-405A-86C7-711D228A44C9}.Distribution|Mixed Platforms.ActiveCfg = Distribution|Windows Phone (Universal)
		{71053957-8C3D-405A-86C7-711D228A44C9}.Distribution|Mixed Platforms.Build.0 = Distribution|Windows Phone (Universal)
		{71053957-8C3D-405A-86C7-711D228A44C9}.Distribution|Mixed Platforms.Deploy.0 = Distribution|Windows Phone (Universal)
		{71053957-8C3D-405A-86C7-711D228A44C9}.Distribution|Windows Phone (Universal).ActiveCfg = Distribution|Windows Phone (Universal)
		{71053957-8C3D-405A-86C7-711D228A44C9}.Distribution|Windows Phone (Universal).Build.0 = Distribution|Windows Phone (Universal)
		{71053957-8C3D-405A-86C7-711D228A44C9}.Distribution|Windows Phone (Universal).Deploy.0 = Distribution|Windows Phone (Universal)
		{71053957-8C3D-405A-86C7-711D228A44C9}.Distribution|Windows Phone 8.ActiveCfg = Distribution|Windows Phone 8
		{71053957-8C3D-405A-86C7-711D228A44C9}.Distribution|Windows Phone 8.Build.0 = Distribution|Windows Phone 8
		{71053957-8C3D-405A-86C7-711D228A44C9}.Distribution|Windows Phone 8.Deploy.0 = Distribution|Windows Phone 8
		{71053957-8C3D-405A-86C7-711D228A44C9}.Distribution|Windows-AnyCPU.ActiveCfg = Distribution|Windows-AnyCPU
		{71053957-8C3D-405A-86C7-711D228A44C9}.Distribution|Windows-AnyCPU.Build.0 = Distribution|Windows-AnyCPU
		{71053957-8C3D-405A-86C7-711D228A44C9}.Distribution|Windows-AnyCPU.Deploy.0 = Distribution|Windows-AnyCPU
		{71053957-8C3D-405A-86C7-711D228A44C9}.Distribution|Windows-ARM.ActiveCfg = Distribution|Windows-ARM
		{71053957-8C3D-405A-86C7-711D228A44C9}.Distribution|Windows-ARM.Build.0 = Distribution|Windows-ARM
		{71053957-8C3D-405A-86C7-711D228A44C9}.Distribution|Windows-ARM.Deploy.0 = Distribution|Windows-ARM
		{71053957-8C3D-405A-86C7-711D228A44C9}.Distribution|Windows-x64.ActiveCfg = Distribution|Windows-x64
		{71053957-8C3D-405A-86C7-711D228A44C9}.Distribution|Windows-x64.Build.0 = Distribution|Windows-x64
		{71053957-8C3D-405A-86C7-711D228A44C9}.Distribution|Windows-x64.Deploy.0 = Distribution|Windows-x64
		{71053957-8C3D-405A-86C7-711D228A44C9}.Distribution|Windows-x86.ActiveCfg = Distribution|Windows-x86
		{71053957-8C3D-405A-86C7-711D228A44C9}.Distribution|Windows-x86.Build.0 = Distribution|Windows-x86
		{71053957-8C3D-405A-86C7-711D228A44C9}.Distribution|Windows-x86.Deploy.0 = Distribution|Windows-x86
		{71053957-8C3D-405A-86C7-711D228A44C9}.Release|Android.ActiveCfg = Release|Android
		{71053957-8C3D-405A-86C7-711D228A44C9}.Release|Android.Build.0 = Release|Android
		{71053957-8C3D-405A-86C7-711D228A44C9}.Release|Android.Deploy.0 = Release|Android
		{71053957-8C3D-405A-86C7-711D228A44C9}.Release|Any CPU.ActiveCfg = Release|Android
		{71053957-8C3D-405A-86C7-711D228A44C9}.Release|iOS.ActiveCfg = Release|iOS
		{71053957-8C3D-405A-86C7-711D228A44C9}.Release|iOS.Build.0 = Release|iOS
		{71053957-8C3D-405A-86C7-711D228A44C9}.Release|iOS.Deploy.0 = Release|iOS
		{71053957-8C3D-405A-86C7-711D228A44C9}.Release|Mixed Platforms.ActiveCfg = Release|Android
		{71053957-8C3D-405A-86C7-711D228A44C9}.Release|Mixed Platforms.Build.0 = Release|Android
		{71053957-8C3D-405A-86C7-711D228A44C9}.Release|Mixed Platforms.Deploy.0 = Release|Android
		{71053957-8C3D-405A-86C7-711D228A44C9}.Release|Windows Phone (Universal).ActiveCfg = Release|Windows Phone (Universal)
		{71053957-8C3D-405A-86C7-711D228A44C9}.Release|Windows Phone (Universal).Build.0 = Release|Windows Phone (Universal)
		{71053957-8C3D-405A-86C7-711D228A44C9}.Release|Windows Phone (Universal).Deploy.0 = Release|Windows Phone (Universal)
		{71053957-8C3D-405A-86C7-711D228A44C9}.Release|Windows Phone 8.ActiveCfg = Release|Windows Phone 8
		{71053957-8C3D-405A-86C7-711D228A44C9}.Release|Windows Phone 8.Build.0 = Release|Windows Phone 8
		{71053957-8C3D-405A-86C7-711D228A44C9}.Release|Windows Phone 8.Deploy.0 = Release|Windows Phone 8
		{71053957-8C3D-405A-86C7-711D228A44C9}.Release|Windows-AnyCPU.ActiveCfg = Release|Windows-AnyCPU
		{71053957-8C3D-405A-86C7-711D228A44C9}.Release|Windows-AnyCPU.Build.0 = Release|Windows-AnyCPU
		{71053957-8C3D-405A-86C7-711D228A44C9}.Release|Windows-AnyCPU.Deploy.0 = Release|Windows-AnyCPU
		{71053957-8C3D-405A-86C7-711D228A44C9}.Release|Windows-ARM.ActiveCfg = Release|Windows-ARM
		{71053957-8C3D-405A-86C7-711D228A44C9}.Release|Windows-ARM.Build.0 = Release|Windows-ARM
		{71053957-8C3D-405A-86C7-711D228A44C9}.Release|Windows-ARM.Deploy.0 = Release|Windows-ARM
		{71053957-8C3D-405A-86C7-711D228A44C9}.Release|Windows-x64.ActiveCfg = Release|Windows-x64
		{71053957-8C3D-405A-86C7-711D228A44C9}.Release|Windows-x64.Build.0 = Release|Windows-x64
		{71053957-8C3D-405A-86C7-711D228A44C9}.Release|Windows-x64.Deploy.0 = Release|Windows-x64
		{71053957-8C3D-405A-86C7-711D228A44C9}.Release|Windows-x86.ActiveCfg = Release|Windows-x86
		{71053957-8C3D-405A-86C7-711D228A44C9}.Release|Windows-x86.Build.0 = Release|Windows-x86
		{71053957-8C3D-405A-86C7-711D228A44C9}.Release|Windows-x86.Deploy.0 = Release|Windows-x86
		{77220414-7BEE-4C55-B4D4-E853C422B506}.Debug|Android.ActiveCfg = Debug|Any CPU
		{77220414-7BEE-4C55-B4D4-E853C422B506}.Debug|Any CPU.ActiveCfg = Debug|Any CPU
		{77220414-7BEE-4C55-B4D4-E853C422B506}.Debug|Any CPU.Build.0 = Debug|Any CPU
		{77220414-7BEE-4C55-B4D4-E853C422B506}.Debug|iOS.ActiveCfg = Debug|Any CPU
		{77220414-7BEE-4C55-B4D4-E853C422B506}.Debug|Mixed Platforms.ActiveCfg = Debug|Any CPU
		{77220414-7BEE-4C55-B4D4-E853C422B506}.Debug|Mixed Platforms.Build.0 = Debug|Any CPU
		{77220414-7BEE-4C55-B4D4-E853C422B506}.Debug|Windows Phone (Universal).ActiveCfg = Debug|Any CPU
		{77220414-7BEE-4C55-B4D4-E853C422B506}.Debug|Windows Phone 8.ActiveCfg = Debug|Any CPU
		{77220414-7BEE-4C55-B4D4-E853C422B506}.Debug|Windows-AnyCPU.ActiveCfg = Debug|Any CPU
		{77220414-7BEE-4C55-B4D4-E853C422B506}.Debug|Windows-ARM.ActiveCfg = Debug|Any CPU
		{77220414-7BEE-4C55-B4D4-E853C422B506}.Debug|Windows-x64.ActiveCfg = Debug|Any CPU
		{77220414-7BEE-4C55-B4D4-E853C422B506}.Debug|Windows-x86.ActiveCfg = Debug|Any CPU
		{77220414-7BEE-4C55-B4D4-E853C422B506}.Distribution|Android.ActiveCfg = Debug|Any CPU
		{77220414-7BEE-4C55-B4D4-E853C422B506}.Distribution|Any CPU.ActiveCfg = Debug|Any CPU
		{77220414-7BEE-4C55-B4D4-E853C422B506}.Distribution|Any CPU.Build.0 = Debug|Any CPU
		{77220414-7BEE-4C55-B4D4-E853C422B506}.Distribution|iOS.ActiveCfg = Debug|Any CPU
		{77220414-7BEE-4C55-B4D4-E853C422B506}.Distribution|Mixed Platforms.ActiveCfg = Debug|Any CPU
		{77220414-7BEE-4C55-B4D4-E853C422B506}.Distribution|Mixed Platforms.Build.0 = Debug|Any CPU
		{77220414-7BEE-4C55-B4D4-E853C422B506}.Distribution|Windows Phone (Universal).ActiveCfg = Debug|Any CPU
		{77220414-7BEE-4C55-B4D4-E853C422B506}.Distribution|Windows Phone 8.ActiveCfg = Debug|Any CPU
		{77220414-7BEE-4C55-B4D4-E853C422B506}.Distribution|Windows-AnyCPU.ActiveCfg = Debug|Any CPU
		{77220414-7BEE-4C55-B4D4-E853C422B506}.Distribution|Windows-ARM.ActiveCfg = Debug|Any CPU
		{77220414-7BEE-4C55-B4D4-E853C422B506}.Distribution|Windows-x64.ActiveCfg = Debug|Any CPU
		{77220414-7BEE-4C55-B4D4-E853C422B506}.Distribution|Windows-x86.ActiveCfg = Debug|Any CPU
		{77220414-7BEE-4C55-B4D4-E853C422B506}.Release|Android.ActiveCfg = Release|Any CPU
		{77220414-7BEE-4C55-B4D4-E853C422B506}.Release|Any CPU.ActiveCfg = Release|Any CPU
		{77220414-7BEE-4C55-B4D4-E853C422B506}.Release|Any CPU.Build.0 = Release|Any CPU
		{77220414-7BEE-4C55-B4D4-E853C422B506}.Release|iOS.ActiveCfg = Release|Any CPU
		{77220414-7BEE-4C55-B4D4-E853C422B506}.Release|Mixed Platforms.ActiveCfg = Release|Any CPU
		{77220414-7BEE-4C55-B4D4-E853C422B506}.Release|Mixed Platforms.Build.0 = Release|Any CPU
		{77220414-7BEE-4C55-B4D4-E853C422B506}.Release|Windows Phone (Universal).ActiveCfg = Release|Any CPU
		{77220414-7BEE-4C55-B4D4-E853C422B506}.Release|Windows Phone 8.ActiveCfg = Release|Any CPU
		{77220414-7BEE-4C55-B4D4-E853C422B506}.Release|Windows-AnyCPU.ActiveCfg = Release|Any CPU
		{77220414-7BEE-4C55-B4D4-E853C422B506}.Release|Windows-ARM.ActiveCfg = Release|Any CPU
		{77220414-7BEE-4C55-B4D4-E853C422B506}.Release|Windows-x64.ActiveCfg = Release|Any CPU
		{77220414-7BEE-4C55-B4D4-E853C422B506}.Release|Windows-x86.ActiveCfg = Release|Any CPU
		{4AC968A1-FCF0-459B-B644-5AF15E8AD366}.Debug|Android.ActiveCfg = Debug|Any CPU
		{4AC968A1-FCF0-459B-B644-5AF15E8AD366}.Debug|Any CPU.ActiveCfg = Debug|Any CPU
		{4AC968A1-FCF0-459B-B644-5AF15E8AD366}.Debug|Any CPU.Build.0 = Debug|Any CPU
		{4AC968A1-FCF0-459B-B644-5AF15E8AD366}.Debug|iOS.ActiveCfg = Debug|Any CPU
		{4AC968A1-FCF0-459B-B644-5AF15E8AD366}.Debug|Mixed Platforms.ActiveCfg = Debug|Any CPU
		{4AC968A1-FCF0-459B-B644-5AF15E8AD366}.Debug|Mixed Platforms.Build.0 = Debug|Any CPU
		{4AC968A1-FCF0-459B-B644-5AF15E8AD366}.Debug|Windows Phone (Universal).ActiveCfg = Debug|Any CPU
		{4AC968A1-FCF0-459B-B644-5AF15E8AD366}.Debug|Windows Phone 8.ActiveCfg = Debug|Any CPU
		{4AC968A1-FCF0-459B-B644-5AF15E8AD366}.Debug|Windows-AnyCPU.ActiveCfg = Debug|Any CPU
		{4AC968A1-FCF0-459B-B644-5AF15E8AD366}.Debug|Windows-ARM.ActiveCfg = Debug|Any CPU
		{4AC968A1-FCF0-459B-B644-5AF15E8AD366}.Debug|Windows-x64.ActiveCfg = Debug|Any CPU
		{4AC968A1-FCF0-459B-B644-5AF15E8AD366}.Debug|Windows-x86.ActiveCfg = Debug|Any CPU
		{4AC968A1-FCF0-459B-B644-5AF15E8AD366}.Distribution|Android.ActiveCfg = Debug|Any CPU
		{4AC968A1-FCF0-459B-B644-5AF15E8AD366}.Distribution|Any CPU.ActiveCfg = Debug|Any CPU
		{4AC968A1-FCF0-459B-B644-5AF15E8AD366}.Distribution|Any CPU.Build.0 = Debug|Any CPU
		{4AC968A1-FCF0-459B-B644-5AF15E8AD366}.Distribution|iOS.ActiveCfg = Debug|Any CPU
		{4AC968A1-FCF0-459B-B644-5AF15E8AD366}.Distribution|Mixed Platforms.ActiveCfg = Debug|Any CPU
		{4AC968A1-FCF0-459B-B644-5AF15E8AD366}.Distribution|Mixed Platforms.Build.0 = Debug|Any CPU
		{4AC968A1-FCF0-459B-B644-5AF15E8AD366}.Distribution|Windows Phone (Universal).ActiveCfg = Debug|Any CPU
		{4AC968A1-FCF0-459B-B644-5AF15E8AD366}.Distribution|Windows Phone 8.ActiveCfg = Debug|Any CPU
		{4AC968A1-FCF0-459B-B644-5AF15E8AD366}.Distribution|Windows-AnyCPU.ActiveCfg = Debug|Any CPU
		{4AC968A1-FCF0-459B-B644-5AF15E8AD366}.Distribution|Windows-ARM.ActiveCfg = Debug|Any CPU
		{4AC968A1-FCF0-459B-B644-5AF15E8AD366}.Distribution|Windows-x64.ActiveCfg = Debug|Any CPU
		{4AC968A1-FCF0-459B-B644-5AF15E8AD366}.Distribution|Windows-x86.ActiveCfg = Debug|Any CPU
		{4AC968A1-FCF0-459B-B644-5AF15E8AD366}.Release|Android.ActiveCfg = Release|Any CPU
		{4AC968A1-FCF0-459B-B644-5AF15E8AD366}.Release|Any CPU.ActiveCfg = Release|Any CPU
		{4AC968A1-FCF0-459B-B644-5AF15E8AD366}.Release|Any CPU.Build.0 = Release|Any CPU
		{4AC968A1-FCF0-459B-B644-5AF15E8AD366}.Release|iOS.ActiveCfg = Release|Any CPU
		{4AC968A1-FCF0-459B-B644-5AF15E8AD366}.Release|Mixed Platforms.ActiveCfg = Release|Any CPU
		{4AC968A1-FCF0-459B-B644-5AF15E8AD366}.Release|Mixed Platforms.Build.0 = Release|Any CPU
		{4AC968A1-FCF0-459B-B644-5AF15E8AD366}.Release|Windows Phone (Universal).ActiveCfg = Release|Any CPU
		{4AC968A1-FCF0-459B-B644-5AF15E8AD366}.Release|Windows Phone 8.ActiveCfg = Release|Any CPU
		{4AC968A1-FCF0-459B-B644-5AF15E8AD366}.Release|Windows-AnyCPU.ActiveCfg = Release|Any CPU
		{4AC968A1-FCF0-459B-B644-5AF15E8AD366}.Release|Windows-ARM.ActiveCfg = Release|Any CPU
		{4AC968A1-FCF0-459B-B644-5AF15E8AD366}.Release|Windows-x64.ActiveCfg = Release|Any CPU
		{4AC968A1-FCF0-459B-B644-5AF15E8AD366}.Release|Windows-x86.ActiveCfg = Release|Any CPU
	EndGlobalSection
	GlobalSection(SolutionProperties) = preSolution
		HideSolutionNode = FALSE
	EndGlobalSection
EndGlobal
